
Microsoft Visual Studio Solution File, Format Version 12.00
# Visual Studio Version 17
VisualStudioVersion = 17.7.34031.279
MinimumVisualStudioVersion = 10.0.40219.1
Project("{FAE04EC0-301F-11D3-BF4B-00C04F79EFBC}") = "TP3", "TP3.csproj", "{2277E531-5FF1-4881-AD5D-C11AB4D47EBC}"
EndProject
Global
	GlobalSection(SolutionConfigurationPlatforms) = preSolution
		Debug|Any CPU = Debug|Any CPU
		Release|Any CPU = Release|Any CPU
	EndGlobalSection
	GlobalSection(ProjectConfigurationPlatforms) = postSolution
		{2277E531-5FF1-4881-AD5D-C11AB4D47EBC}.Debug|Any CPU.ActiveCfg = Debug|Any CPU
		{2277E531-5FF1-4881-AD5D-C11AB4D47EBC}.Debug|Any CPU.Build.0 = Debug|Any CPU
		{2277E531-5FF1-4881-AD5D-C11AB4D47EBC}.Release|Any CPU.ActiveCfg = Release|Any CPU
		{2277E531-5FF1-4881-AD5D-C11AB4D47EBC}.Release|Any CPU.Build.0 = Release|Any CPU
	EndGlobalSection
	GlobalSection(SolutionProperties) = preSolution
		HideSolutionNode = FALSE
	EndGlobalSection
	GlobalSection(ExtensibilityGlobals) = postSolution
		SolutionGuid = {6F25D27D-FAC0-47C4-891F-498C4CD20BE6}
	EndGlobalSection
EndGlobal
